Microsoft Visual Studio Solution File, Format Version 11.00
# Visual Studio 2008

Project("{17BBBC21-0F13-04A6-0758-5EDF2D034500}") = "Maze generator (Prim's Algorithm)", "Assembly-CSharp.csproj", "{2E9589E6-CAAF-3BAF-4E67-906DF0DB272D}"
EndProject
Project("{17BBBC21-0F13-04A6-0758-5EDF2D034500}") = "Maze generator (Prim's Algorithm)", "Assembly-UnityScript.unityproj", "{685ADE74-52F8-4240-5471-CC5224E3208F}"
EndProject
Global
	GlobalSection(SolutionConfigurationPlatforms) = preSolution
		Debug|Any CPU = Debug|Any CPU
		Release|Any CPU = Release|Any CPU
	EndGlobalSection
	GlobalSection(ProjectConfigurationPlatforms) = postSolution
		{2E9589E6-CAAF-3BAF-4E67-906DF0DB272D}.Debug|Any CPU.ActiveCfg = Debug|Any CPU
		{2E9589E6-CAAF-3BAF-4E67-906DF0DB272D}.Debug|Any CPU.Build.0 = Debug|Any CPU
		{2E9589E6-CAAF-3BAF-4E67-906DF0DB272D}.Release|Any CPU.ActiveCfg = Release|Any CPU
		{2E9589E6-CAAF-3BAF-4E67-906DF0DB272D}.Release|Any CPU.Build.0 = Release|Any CPU
		{685ADE74-52F8-4240-5471-CC5224E3208F}.Debug|Any CPU.ActiveCfg = Debug|Any CPU
		{685ADE74-52F8-4240-5471-CC5224E3208F}.Debug|Any CPU.Build.0 = Debug|Any CPU
		{685ADE74-52F8-4240-5471-CC5224E3208F}.Release|Any CPU.ActiveCfg = Release|Any CPU
		{685ADE74-52F8-4240-5471-CC5224E3208F}.Release|Any CPU.Build.0 = Release|Any CPU
	EndGlobalSection
	GlobalSection(SolutionProperties) = preSolution
		HideSolutionNode = FALSE
	EndGlobalSection
																												GlobalSection(MonoDevelopProperties) = preSolution
		StartupItem = Assembly-CSharp.csproj
		Policies = $0
		$0.TextStylePolicy = $1
		$1.inheritsSet = null
		$1.scope = text/x-csharp
		$0.CSharpFormattingPolicy = $2
		$2.inheritsSet = Mono
		$2.inheritsScope = text/x-csharp
		$2.scope = text/x-csharp
		$0.TextStylePolicy = $3
		$3.FileWidth = 120
		$3.TabWidth = 4
		$3.EolMarker = Unix
		$3.inheritsSet = Mono
		$3.inheritsScope = text/plain
		$3.scope = text/plain
	EndGlobalSection

EndGlobal
