Microsoft Visual Studio Solution File, Format Version 11.00
# Visual Studio 2008

Project("{57FF8B70-BF78-731C-6697-A4A7CB908403}") = "The Pattern 0.4.1(School Presentation)", "Assembly-CSharp-firstpass-vs.csproj", "{0EF84649-A631-B12C-8A60-9C97E7A9A9E2}"
EndProject
Project("{57FF8B70-BF78-731C-6697-A4A7CB908403}") = "The Pattern 0.4.1(School Presentation)", "Assembly-CSharp-vs.csproj", "{40AAEC18-5718-7566-B50D-58C85B69DC6E}"
EndProject
Global
	GlobalSection(SolutionConfigurationPlatforms) = preSolution
		Debug|Any CPU = Debug|Any CPU
		Release|Any CPU = Release|Any CPU
	EndGlobalSection
	GlobalSection(ProjectConfigurationPlatforms) = postSolution
		{0EF84649-A631-B12C-8A60-9C97E7A9A9E2}.Debug|Any CPU.ActiveCfg = Debug|Any CPU
		{0EF84649-A631-B12C-8A60-9C97E7A9A9E2}.Debug|Any CPU.Build.0 = Debug|Any CPU
		{0EF84649-A631-B12C-8A60-9C97E7A9A9E2}.Release|Any CPU.ActiveCfg = Release|Any CPU
		{0EF84649-A631-B12C-8A60-9C97E7A9A9E2}.Release|Any CPU.Build.0 = Release|Any CPU
		{40AAEC18-5718-7566-B50D-58C85B69DC6E}.Debug|Any CPU.ActiveCfg = Debug|Any CPU
		{40AAEC18-5718-7566-B50D-58C85B69DC6E}.Debug|Any CPU.Build.0 = Debug|Any CPU
		{40AAEC18-5718-7566-B50D-58C85B69DC6E}.Release|Any CPU.ActiveCfg = Release|Any CPU
		{40AAEC18-5718-7566-B50D-58C85B69DC6E}.Release|Any CPU.Build.0 = Release|Any CPU
	EndGlobalSection
	GlobalSection(SolutionProperties) = preSolution
		HideSolutionNode = FALSE
	EndGlobalSection
																																	GlobalSection(MonoDevelopProperties) = preSolution
		StartupItem = Assembly-CSharp.csproj
		Policies = $0
		$0.TextStylePolicy = $1
		$1.inheritsSet = null
		$1.scope = text/x-csharp
		$0.CSharpFormattingPolicy = $2
		$2.inheritsSet = Mono
		$2.inheritsScope = text/x-csharp
		$2.scope = text/x-csharp
		$0.TextStylePolicy = $3
		$3.FileWidth = 120
		$3.TabWidth = 4
		$3.EolMarker = Unix
		$3.inheritsSet = Mono
		$3.inheritsScope = text/plain
		$3.scope = text/plain
	EndGlobalSection

EndGlobal
