Microsoft Visual Studio Solution File, Format Version 11.00
# Visual Studio 2008

Project("{C9057D9D-2D96-1D7B-A0DB-260DCBF01CE5}") = "Project_WIP", "Assembly-CSharp-firstpass.csproj", "{C7103ED9-264C-E59D-60DD-C3D55E2635C9}"
EndProject
Project("{C9057D9D-2D96-1D7B-A0DB-260DCBF01CE5}") = "Project_WIP", "Assembly-CSharp.csproj", "{25EB1751-D04D-CBBB-F358-C0BF8894A70E}"
EndProject
Project("{C9057D9D-2D96-1D7B-A0DB-260DCBF01CE5}") = "Project_WIP", "Assembly-CSharp-Editor.csproj", "{ECBB4570-AD9C-297F-1643-FBC0DD691391}"
EndProject
Global
	GlobalSection(SolutionConfigurationPlatforms) = preSolution
		Debug|Any CPU = Debug|Any CPU
		Release|Any CPU = Release|Any CPU
	EndGlobalSection
	GlobalSection(ProjectConfigurationPlatforms) = postSolution
		{C7103ED9-264C-E59D-60DD-C3D55E2635C9}.Debug|Any CPU.ActiveCfg = Debug|Any CPU
		{C7103ED9-264C-E59D-60DD-C3D55E2635C9}.Debug|Any CPU.Build.0 = Debug|Any CPU
		{C7103ED9-264C-E59D-60DD-C3D55E2635C9}.Release|Any CPU.ActiveCfg = Release|Any CPU
		{C7103ED9-264C-E59D-60DD-C3D55E2635C9}.Release|Any CPU.Build.0 = Release|Any CPU
		{25EB1751-D04D-CBBB-F358-C0BF8894A70E}.Debug|Any CPU.ActiveCfg = Debug|Any CPU
		{25EB1751-D04D-CBBB-F358-C0BF8894A70E}.Debug|Any CPU.Build.0 = Debug|Any CPU
		{25EB1751-D04D-CBBB-F358-C0BF8894A70E}.Release|Any CPU.ActiveCfg = Release|Any CPU
		{25EB1751-D04D-CBBB-F358-C0BF8894A70E}.Release|Any CPU.Build.0 = Release|Any CPU
		{ECBB4570-AD9C-297F-1643-FBC0DD691391}.Debug|Any CPU.ActiveCfg = Debug|Any CPU
		{ECBB4570-AD9C-297F-1643-FBC0DD691391}.Debug|Any CPU.Build.0 = Debug|Any CPU
		{ECBB4570-AD9C-297F-1643-FBC0DD691391}.Release|Any CPU.ActiveCfg = Release|Any CPU
		{ECBB4570-AD9C-297F-1643-FBC0DD691391}.Release|Any CPU.Build.0 = Release|Any CPU
	EndGlobalSection
	GlobalSection(SolutionProperties) = preSolution
		HideSolutionNode = FALSE
	EndGlobalSection
																																						GlobalSection(MonoDevelopProperties) = preSolution
		StartupItem = Assembly-CSharp.csproj
		Policies = $0
		$0.TextStylePolicy = $1
		$1.inheritsSet = null
		$1.scope = text/x-csharp
		$0.CSharpFormattingPolicy = $2
		$2.inheritsSet = Mono
		$2.inheritsScope = text/x-csharp
		$2.scope = text/x-csharp
		$0.TextStylePolicy = $3
		$3.FileWidth = 120
		$3.TabWidth = 4
		$3.IndentWidth = 4
		$3.EolMarker = Unix
		$3.inheritsSet = Mono
		$3.inheritsScope = text/plain
		$3.scope = text/plain
	EndGlobalSection
EndGlobal
